
Microsoft Visual Studio Solution File, Format Version 12.00
# Visual Studio Version 17
VisualStudioVersion = 17.9.34723.18
MinimumVisualStudioVersion = 10.0.40219.1
Project("{FAE04EC0-301F-11D3-BF4B-00C04F79EFBC}") = "MyDictionary", "MyDictionary.csproj", "{1FD22475-75EE-4C6D-B76D-1A5CD4CEB95E}"
EndProject
Global
	GlobalSection(SolutionConfigurationPlatforms) = preSolution
		Debug|Any CPU = Debug|Any CPU
		Release|Any CPU = Release|Any CPU
	EndGlobalSection
	GlobalSection(ProjectConfigurationPlatforms) = postSolution
		{1FD22475-75EE-4C6D-B76D-1A5CD4CEB95E}.Debug|Any CPU.ActiveCfg = Debug|Any CPU
		{1FD22475-75EE-4C6D-B76D-1A5CD4CEB95E}.Debug|Any CPU.Build.0 = Debug|Any CPU
		{1FD22475-75EE-4C6D-B76D-1A5CD4CEB95E}.Release|Any CPU.ActiveCfg = Release|Any CPU
		{1FD22475-75EE-4C6D-B76D-1A5CD4CEB95E}.Release|Any CPU.Build.0 = Release|Any CPU
	EndGlobalSection
	GlobalSection(SolutionProperties) = preSolution
		HideSolutionNode = FALSE
	EndGlobalSection
	GlobalSection(ExtensibilityGlobals) = postSolution
		SolutionGuid = {1B031FC7-A400-4E83-81C3-DD6DC5F36DAF}
	EndGlobalSection
EndGlobal
